
Microsoft Visual Studio Solution File, Format Version 12.00
# Visual Studio Version 16
VisualStudioVersion = 16.0.29519.181
MinimumVisualStudioVersion = 10.0.40219.1
Project("{9A19103F-16F7-4668-BE54-9A1E7A4F7556}") = "CoreNumberAPI", "CoreNumberAPI\CoreNumberAPI.csproj", "{DFB7AAC2-4924-4B01-8089-4066DB01A99C}"
EndProject
Project("{FAE04EC0-301F-11D3-BF4B-00C04F79EFBC}") = "CoreNumberApiTests", "CoreNumberApiTests\CoreNumberApiTests.csproj", "{5D18D12D-8FA2-42DD-BA2D-7421815459AC}"
EndProject
Global
	GlobalSection(SolutionConfigurationPlatforms) = preSolution
		Debug|Any CPU = Debug|Any CPU
		Release|Any CPU = Release|Any CPU
	EndGlobalSection
	GlobalSection(ProjectConfigurationPlatforms) = postSolution
		{DFB7AAC2-4924-4B01-8089-4066DB01A99C}.Debug|Any CPU.ActiveCfg = Debug|Any CPU
		{DFB7AAC2-4924-4B01-8089-4066DB01A99C}.Debug|Any CPU.Build.0 = Debug|Any CPU
		{DFB7AAC2-4924-4B01-8089-4066DB01A99C}.Release|Any CPU.ActiveCfg = Release|Any CPU
		{DFB7AAC2-4924-4B01-8089-4066DB01A99C}.Release|Any CPU.Build.0 = Release|Any CPU
		{5D18D12D-8FA2-42DD-BA2D-7421815459AC}.Debug|Any CPU.ActiveCfg = Debug|Any CPU
		{5D18D12D-8FA2-42DD-BA2D-7421815459AC}.Debug|Any CPU.Build.0 = Debug|Any CPU
		{5D18D12D-8FA2-42DD-BA2D-7421815459AC}.Release|Any CPU.ActiveCfg = Release|Any CPU
		{5D18D12D-8FA2-42DD-BA2D-7421815459AC}.Release|Any CPU.Build.0 = Release|Any CPU
	EndGlobalSection
	GlobalSection(SolutionProperties) = preSolution
		HideSolutionNode = FALSE
	EndGlobalSection
	GlobalSection(ExtensibilityGlobals) = postSolution
		SolutionGuid = {E0E389A9-D193-4743-A039-47EB534FDCB7}
	EndGlobalSection
EndGlobal
